
Microsoft Visual Studio Solution File, Format Version 12.00
# Visual Studio 15
VisualStudioVersion = 15.0.27004.2005
MinimumVisualStudioVersion = 10.0.40219.1
Project("{9A19103F-16F7-4668-BE54-9A1E7A4F7556}") = "UmbracoHomework", "UmbracoHomework\UmbracoHomework.csproj", "{AA17026B-EDD0-4B39-A7DD-2A4C9880ABF2}"
EndProject
Project("{FAE04EC0-301F-11D3-BF4B-00C04F79EFBC}") = "UmbracoClassLibary", "UmbracoClassLibary\UmbracoClassLibary.csproj", "{2041763D-6F9F-45ED-81C8-CF28B3285338}"
EndProject
Global
	GlobalSection(SolutionConfigurationPlatforms) = preSolution
		Debug|Any CPU = Debug|Any CPU
		Release|Any CPU = Release|Any CPU
	EndGlobalSection
	GlobalSection(ProjectConfigurationPlatforms) = postSolution
		{AA17026B-EDD0-4B39-A7DD-2A4C9880ABF2}.Debug|Any CPU.ActiveCfg = Debug|Any CPU
		{AA17026B-EDD0-4B39-A7DD-2A4C9880ABF2}.Debug|Any CPU.Build.0 = Debug|Any CPU
		{AA17026B-EDD0-4B39-A7DD-2A4C9880ABF2}.Release|Any CPU.ActiveCfg = Release|Any CPU
		{AA17026B-EDD0-4B39-A7DD-2A4C9880ABF2}.Release|Any CPU.Build.0 = Release|Any CPU
		{2041763D-6F9F-45ED-81C8-CF28B3285338}.Debug|Any CPU.ActiveCfg = Debug|Any CPU
		{2041763D-6F9F-45ED-81C8-CF28B3285338}.Debug|Any CPU.Build.0 = Debug|Any CPU
		{2041763D-6F9F-45ED-81C8-CF28B3285338}.Release|Any CPU.ActiveCfg = Release|Any CPU
		{2041763D-6F9F-45ED-81C8-CF28B3285338}.Release|Any CPU.Build.0 = Release|Any CPU
	EndGlobalSection
	GlobalSection(SolutionProperties) = preSolution
		HideSolutionNode = FALSE
	EndGlobalSection
	GlobalSection(ExtensibilityGlobals) = postSolution
		SolutionGuid = {9FD9F1B1-509D-40BA-82F6-BDF4373A0ABE}
	EndGlobalSection
EndGlobal
